
Microsoft Visual Studio Solution File, Format Version 12.00
# Visual Studio Version 16
VisualStudioVersion = 16.0.29306.81
MinimumVisualStudioVersion = 10.0.40219.1
Project("{FAE04EC0-301F-11D3-BF4B-00C04F79EFBC}") = "SortArrayWithFrequency", "SortArrayWithFrequency.csproj", "{67A44F0A-B75B-4D7F-8421-D800D659F92D}"
EndProject
Global
	GlobalSection(SolutionConfigurationPlatforms) = preSolution
		Debug|Any CPU = Debug|Any CPU
		Release|Any CPU = Release|Any CPU
	EndGlobalSection
	GlobalSection(ProjectConfigurationPlatforms) = postSolution
		{67A44F0A-B75B-4D7F-8421-D800D659F92D}.Debug|Any CPU.ActiveCfg = Debug|Any CPU
		{67A44F0A-B75B-4D7F-8421-D800D659F92D}.Debug|Any CPU.Build.0 = Debug|Any CPU
		{67A44F0A-B75B-4D7F-8421-D800D659F92D}.Release|Any CPU.ActiveCfg = Release|Any CPU
		{67A44F0A-B75B-4D7F-8421-D800D659F92D}.Release|Any CPU.Build.0 = Release|Any CPU
	EndGlobalSection
	GlobalSection(SolutionProperties) = preSolution
		HideSolutionNode = FALSE
	EndGlobalSection
	GlobalSection(ExtensibilityGlobals) = postSolution
		SolutionGuid = {962654C5-4887-457C-B89D-D31D7F0E411E}
	EndGlobalSection
EndGlobal
